{
  "pins" : [
    {
      "identity" : "ia-sdk-ios",
      "kind" : "remoteSourceControl",
      "location" : "https://github.com/ihreapotheken/IA-SDK-iOS",
      "state" : {
        "revision" : "37e935becafdbc7e63e52ed59c2a26e1459689e8",
        "version" : "2.7.0"
      }
    },
    {
      "identity" : "openssl-swift",
      "kind" : "remoteSourceControl",
      "location" : "https://github.com/gematik/OpenSSL-Swift",
      "state" : {
        "revision" : "bec06b51e306b84b51fe09b7d26acb3b10e5e2e3",
        "version" : "4.3.1"
      }
    }
  ],
  "version" : 2
}
