{
  "pins" : [
    {
      "identity" : "ia-sdk-ios",
      "kind" : "remoteSourceControl",
      "location" : "https://github.com/ihreapotheken/IA-SDK-iOS",
      "state" : {
        "revision" : "de71b080529a2ffdd2e56874a7d7c8a32d24764a",
        "version" : "2.4.2"
      }
    },
    {
      "identity" : "openssl-swift",
      "kind" : "remoteSourceControl",
      "location" : "https://github.com/gematik/OpenSSL-Swift",
      "state" : {
        "revision" : "bec06b51e306b84b51fe09b7d26acb3b10e5e2e3",
        "version" : "4.3.1"
      }
    }
  ],
  "version" : 2
}
