{
  "pins" : [
    {
      "identity" : "ia-sdk-ios",
      "kind" : "remoteSourceControl",
      "location" : "https://github.com/ihreapotheken/IA-SDK-iOS",
      "state" : {
        "revision" : "f7717e49e16b9289821c2b0cb72c1e0305444950",
        "version" : "2.5.0-beta.1"
      }
    },
    {
      "identity" : "openssl-swift",
      "kind" : "remoteSourceControl",
      "location" : "https://github.com/gematik/OpenSSL-Swift",
      "state" : {
        "revision" : "bec06b51e306b84b51fe09b7d26acb3b10e5e2e3",
        "version" : "4.3.1"
      }
    }
  ],
  "version" : 2
}
